
Microsoft Visual Studio Solution File, Format Version 12.00
# Visual Studio Version 16
VisualStudioVersion = 16.0.31515.178
MinimumVisualStudioVersion = 10.0.40219.1
Project("{888888A0-9F3D-457C-B088-3A5042F75D52}") = "CIS110 Course Project", "CIS110 Course Project.pyproj", "{E31AFCBB-93CA-4F23-AF7E-56BA9B03C9BA}"
EndProject
Global
	GlobalSection(SolutionConfigurationPlatforms) = preSolution
		Debug|Any CPU = Debug|Any CPU
		Release|Any CPU = Release|Any CPU
	EndGlobalSection
	GlobalSection(ProjectConfigurationPlatforms) = postSolution
		{E31AFCBB-93CA-4F23-AF7E-56BA9B03C9BA}.Debug|Any CPU.ActiveCfg = Debug|Any CPU
		{E31AFCBB-93CA-4F23-AF7E-56BA9B03C9BA}.Release|Any CPU.ActiveCfg = Release|Any CPU
	EndGlobalSection
	GlobalSection(SolutionProperties) = preSolution
		HideSolutionNode = FALSE
	EndGlobalSection
	GlobalSection(ExtensibilityGlobals) = postSolution
		SolutionGuid = {5F8D6CC3-7488-4740-AE79-D46CAF6651C4}
	EndGlobalSection
EndGlobal
